
Microsoft Visual Studio Solution File, Format Version 12.00
# Visual Studio Version 17
VisualStudioVersion = 17.9.34622.214
MinimumVisualStudioVersion = 10.0.40219.1
Project("{9A19103F-16F7-4668-BE54-9A1E7A4F7556}") = "Exercicio01.ConsoleApp", "ListaExercicios01.ConsoleApp\Exercicio01.ConsoleApp.csproj", "{80973F72-7A20-481E-A0AC-F68E442DD71E}"
EndProject
Project("{2150E333-8FDC-42A3-9474-1A3956D46DE8}") = "Exercicio01", "Exercicio01", "{19E44766-5A45-4085-A4A3-D2AE0B64B5D0}"
EndProject
Project("{2150E333-8FDC-42A3-9474-1A3956D46DE8}") = "Exercicio02", "Exercicio02", "{8652D073-4745-40AC-8033-5325E29D518D}"
EndProject
Project("{9A19103F-16F7-4668-BE54-9A1E7A4F7556}") = "Exercicio02.ConsoleApp", "Exercicio02.ConsoleApp\Exercicio02.ConsoleApp.csproj", "{DFDAE470-FF5F-4C14-8813-62F54FB31D09}"
EndProject
Project("{2150E333-8FDC-42A3-9474-1A3956D46DE8}") = "Exercicio03", "Exercicio03", "{9938A804-F057-4EEB-BF62-BFC2AA502169}"
EndProject
Project("{9A19103F-16F7-4668-BE54-9A1E7A4F7556}") = "Exercicio03.ConsoleApp", "Exercicio03.ConsoleApp\Exercicio03.ConsoleApp.csproj", "{2CF9B1BB-18A7-4B04-A224-DDD51D0B0192}"
EndProject
Project("{2150E333-8FDC-42A3-9474-1A3956D46DE8}") = "Exercicio04", "Exercicio04", "{82CC27A0-F031-496A-A9B0-A74DF6CFB778}"
EndProject
Project("{9A19103F-16F7-4668-BE54-9A1E7A4F7556}") = "Exercicio04.ConsoleApp", "Exercicio04.ConsoleApp\Exercicio04.ConsoleApp.csproj", "{896097F8-C73E-4F48-86D9-7BDB6ED5DA15}"
EndProject
Project("{2150E333-8FDC-42A3-9474-1A3956D46DE8}") = "Exercicio05", "Exercicio05", "{E0A9800B-85AE-404F-BCFD-9599F3A97752}"
EndProject
Project("{9A19103F-16F7-4668-BE54-9A1E7A4F7556}") = "Exercicio05.ConsoleApp", "Exercicio05.ConsoleApp\Exercicio05.ConsoleApp.csproj", "{F19295E7-1362-40BC-A043-7947374946A7}"
EndProject
Project("{2150E333-8FDC-42A3-9474-1A3956D46DE8}") = "Exercicio06", "Exercicio06", "{96804B29-902D-41CB-9363-87E5BC0E1670}"
EndProject
Project("{9A19103F-16F7-4668-BE54-9A1E7A4F7556}") = "Exercicio06.ConsoleApp", "Exercicio06.ConsoleApp\Exercicio06.ConsoleApp.csproj", "{512DB54C-A3E0-408A-8EE1-BD8DE09253FC}"
EndProject
Project("{2150E333-8FDC-42A3-9474-1A3956D46DE8}") = "Exercicio07", "Exercicio07", "{A39837C7-54F6-4C46-8C06-2F438E82B05D}"
EndProject
Project("{9A19103F-16F7-4668-BE54-9A1E7A4F7556}") = "Exercicio07.ConsoleApp", "Exercicio07.ConsoleApp\Exercicio07.ConsoleApp.csproj", "{65C4A229-5CF4-44D5-B3CE-B2A553514697}"
EndProject
Project("{2150E333-8FDC-42A3-9474-1A3956D46DE8}") = "Exercicio09", "Exercicio09", "{5A1F885C-F268-4DD3-9446-507217EB9B12}"
EndProject
Project("{9A19103F-16F7-4668-BE54-9A1E7A4F7556}") = "Exercicio09.ConsoleApp", "Exercicio09.ConsoleApp\Exercicio09.ConsoleApp.csproj", "{2B500AC9-B514-49A3-9752-C138833AF82C}"
EndProject
Project("{2150E333-8FDC-42A3-9474-1A3956D46DE8}") = "Exercicio10", "Exercicio10", "{8E915733-F7CE-4BE5-8A83-FF39606BCD53}"
EndProject
Project("{9A19103F-16F7-4668-BE54-9A1E7A4F7556}") = "Exercicio10.ConsoleApp", "Exercicio10.ConsoleApp\Exercicio10.ConsoleApp.csproj", "{32EB235A-E9A6-4159-80CA-507F7D0C4F1C}"
EndProject
Project("{2150E333-8FDC-42A3-9474-1A3956D46DE8}") = "Exercicio12", "Exercicio12", "{B8475999-41F3-4A93-81F0-5D0C57232E6D}"
EndProject
Project("{9A19103F-16F7-4668-BE54-9A1E7A4F7556}") = "Exercicio12.ConsoleApp", "Exercicio12.ConsoleApp\Exercicio12.ConsoleApp.csproj", "{C5A31E4D-91B4-4EDE-8E7F-F813D89D0DCC}"
EndProject
Project("{2150E333-8FDC-42A3-9474-1A3956D46DE8}") = "Exercicio13", "Exercicio13", "{C350B2CF-76AB-4B7A-868A-D7FCB5B6DAE9}"
EndProject
Project("{9A19103F-16F7-4668-BE54-9A1E7A4F7556}") = "Exercicio13.ConsoleApp", "Exercicio13.ConsoleApp\Exercicio13.ConsoleApp.csproj", "{23ACD152-DC12-4441-8A07-BA00666BF637}"
EndProject
Project("{2150E333-8FDC-42A3-9474-1A3956D46DE8}") = "Exercicio14", "Exercicio14", "{0F4A2C02-78D0-43FB-BCA1-5409D78C202E}"
EndProject
Project("{9A19103F-16F7-4668-BE54-9A1E7A4F7556}") = "Exercicio14.ConsoleApp", "Exercicio14.ConsoleApp\Exercicio14.ConsoleApp.csproj", "{329EA397-1E51-413B-B4B4-8280795800F9}"
EndProject
Project("{2150E333-8FDC-42A3-9474-1A3956D46DE8}") = "Exercicio16", "Exercicio16", "{92EC864E-F3BA-4B20-90CC-A7C7FF3E611D}"
EndProject
Project("{9A19103F-16F7-4668-BE54-9A1E7A4F7556}") = "Exercicio16.ConsoleApp", "Exercicio16.ConsoleApp\Exercicio16.ConsoleApp.csproj", "{CCBA9156-1B5C-4FB3-B8F8-F85E4A68BF6A}"
EndProject
Project("{2150E333-8FDC-42A3-9474-1A3956D46DE8}") = "Exercicio17", "Exercicio17", "{79AB45AC-1FEF-4873-821B-61FA43BE7C59}"
EndProject
Project("{9A19103F-16F7-4668-BE54-9A1E7A4F7556}") = "Exercicio17.ConsoleApp", "Exercicio17.ConsoleApp\Exercicio17.ConsoleApp.csproj", "{B2AA9453-06DC-4106-9BDE-330AE0F62663}"
EndProject
Project("{2150E333-8FDC-42A3-9474-1A3956D46DE8}") = "Exercicio18", "Exercicio18", "{C0C5ADC2-D2EA-4B3C-99D3-144124320011}"
EndProject
Project("{9A19103F-16F7-4668-BE54-9A1E7A4F7556}") = "Exercicio18.ConsoleApp", "Exercicio18.ConsoleApp\Exercicio18.ConsoleApp.csproj", "{DD3195ED-03EE-45C9-BA80-7055A7E435B8}"
EndProject
Project("{2150E333-8FDC-42A3-9474-1A3956D46DE8}") = "Exercicio19", "Exercicio19", "{A7A5A486-9CA2-4742-914B-A5CC767EE33A}"
EndProject
Project("{9A19103F-16F7-4668-BE54-9A1E7A4F7556}") = "Exercicio19.ConsoleApp", "Exercicio19.ConsoleApp\Exercicio19.ConsoleApp.csproj", "{64106733-8230-4293-B1EF-3C07D7530324}"
EndProject
Project("{2150E333-8FDC-42A3-9474-1A3956D46DE8}") = "Exercicio20", "Exercicio20", "{35C4DCB5-6B36-4148-92C7-398A353CB9B1}"
EndProject
Project("{2150E333-8FDC-42A3-9474-1A3956D46DE8}") = "Exercicio21", "Exercicio21", "{5A5FDB4C-82A1-48E6-AE82-15D5B8088720}"
EndProject
Project("{9A19103F-16F7-4668-BE54-9A1E7A4F7556}") = "Exercicio20.ConsoleApp", "Exercicio20.ConsoleApp\Exercicio20.ConsoleApp.csproj", "{7EBBD40A-7171-4008-86CC-80487000FC36}"
EndProject
Project("{9A19103F-16F7-4668-BE54-9A1E7A4F7556}") = "Exercicio21.ConsoleApp", "Exercicio21.ConsoleApp\Exercicio21.ConsoleApp.csproj", "{D228C80E-2CC3-40E2-8203-4C49EE72E908}"
EndProject
Project("{2150E333-8FDC-42A3-9474-1A3956D46DE8}") = "Exercicio22", "Exercicio22", "{48213146-6708-4FFD-9963-94F0A15CBC05}"
EndProject
Project("{9A19103F-16F7-4668-BE54-9A1E7A4F7556}") = "Exercicio22.ConsoleApp", "Exercicio22.ConsoleApp\Exercicio22.ConsoleApp.csproj", "{A5C2CFFD-2775-46BD-BD62-D0D0FEBD0D18}"
EndProject
Project("{2150E333-8FDC-42A3-9474-1A3956D46DE8}") = "Exercicio23", "Exercicio23", "{488AD5F1-84F0-4C5D-BF3E-99D4A842D2C8}"
EndProject
Project("{9A19103F-16F7-4668-BE54-9A1E7A4F7556}") = "Exercicio23.ConsoleApp", "Exercicio23.ConsoleApp\Exercicio23.ConsoleApp.csproj", "{7A01E54F-54CC-4461-8BD0-33E6F02BAEFC}"
EndProject
Project("{2150E333-8FDC-42A3-9474-1A3956D46DE8}") = "Exercicio24", "Exercicio24", "{D5A8EA4F-7169-4D33-BBB5-32C129D5DF1B}"
EndProject
Project("{9A19103F-16F7-4668-BE54-9A1E7A4F7556}") = "Exercicio24.ConsoleApp", "Exercicio24.ConsoleApp\Exercicio24.ConsoleApp.csproj", "{3C80C19F-3AD6-443B-BC74-26A64ADDE065}"
EndProject
Project("{2150E333-8FDC-42A3-9474-1A3956D46DE8}") = "Exercicio25", "Exercicio25", "{EBAB022D-975A-4AD1-AC37-0F2CA734BDBB}"
EndProject
Project("{9A19103F-16F7-4668-BE54-9A1E7A4F7556}") = "Exercicio25.ConsoleApp", "Exercicio25.ConsoleApp\Exercicio25.ConsoleApp.csproj", "{F78DF802-DEDD-43BD-9485-CE52910DBA1B}"
EndProject
Project("{2150E333-8FDC-42A3-9474-1A3956D46DE8}") = "Exercicio26", "Exercicio26", "{174B5D81-CC4F-43E4-9D9F-D3719682E36A}"
EndProject
Project("{9A19103F-16F7-4668-BE54-9A1E7A4F7556}") = "Exercicio26.ConsoleApp", "Exercicio26.ConsoleApp\Exercicio26.ConsoleApp.csproj", "{55293942-8F33-4D1F-B351-6683EB2D0F69}"
EndProject
Project("{2150E333-8FDC-42A3-9474-1A3956D46DE8}") = "Exercicio27", "Exercicio27", "{EA65B7FF-A45E-4030-B7BF-727F0245BC65}"
EndProject
Project("{9A19103F-16F7-4668-BE54-9A1E7A4F7556}") = "Exercicio27.ConsoleApp", "Exercicio27.ConsoleApp\Exercicio27.ConsoleApp.csproj", "{E2353F26-ECF3-4717-A000-71DC6B07116D}"
EndProject
Project("{2150E333-8FDC-42A3-9474-1A3956D46DE8}") = "Exercicio28", "Exercicio28", "{431CF845-7AE3-429A-B81D-59C109103C6D}"
EndProject
Project("{FAE04EC0-301F-11D3-BF4B-00C04F79EFBC}") = "Exercicio28.ConsoleApp", "Exercicio28.ConsoleApp\Exercicio28.ConsoleApp.csproj", "{0FFB2485-57EB-4908-B6F3-117EB7A8A098}"
EndProject
Global
	GlobalSection(SolutionConfigurationPlatforms) = preSolution
		Debug|Any CPU = Debug|Any CPU
		Release|Any CPU = Release|Any CPU
	EndGlobalSection
	GlobalSection(ProjectConfigurationPlatforms) = postSolution
		{80973F72-7A20-481E-A0AC-F68E442DD71E}.Debug|Any CPU.ActiveCfg = Debug|Any CPU
		{80973F72-7A20-481E-A0AC-F68E442DD71E}.Debug|Any CPU.Build.0 = Debug|Any CPU
		{80973F72-7A20-481E-A0AC-F68E442DD71E}.Release|Any CPU.ActiveCfg = Release|Any CPU
		{80973F72-7A20-481E-A0AC-F68E442DD71E}.Release|Any CPU.Build.0 = Release|Any CPU
		{DFDAE470-FF5F-4C14-8813-62F54FB31D09}.Debug|Any CPU.ActiveCfg = Debug|Any CPU
		{DFDAE470-FF5F-4C14-8813-62F54FB31D09}.Debug|Any CPU.Build.0 = Debug|Any CPU
		{DFDAE470-FF5F-4C14-8813-62F54FB31D09}.Release|Any CPU.ActiveCfg = Release|Any CPU
		{DFDAE470-FF5F-4C14-8813-62F54FB31D09}.Release|Any CPU.Build.0 = Release|Any CPU
		{2CF9B1BB-18A7-4B04-A224-DDD51D0B0192}.Debug|Any CPU.ActiveCfg = Debug|Any CPU
		{2CF9B1BB-18A7-4B04-A224-DDD51D0B0192}.Debug|Any CPU.Build.0 = Debug|Any CPU
		{2CF9B1BB-18A7-4B04-A224-DDD51D0B0192}.Release|Any CPU.ActiveCfg = Release|Any CPU
		{2CF9B1BB-18A7-4B04-A224-DDD51D0B0192}.Release|Any CPU.Build.0 = Release|Any CPU
		{896097F8-C73E-4F48-86D9-7BDB6ED5DA15}.Debug|Any CPU.ActiveCfg = Debug|Any CPU
		{896097F8-C73E-4F48-86D9-7BDB6ED5DA15}.Debug|Any CPU.Build.0 = Debug|Any CPU
		{896097F8-C73E-4F48-86D9-7BDB6ED5DA15}.Release|Any CPU.ActiveCfg = Release|Any CPU
		{896097F8-C73E-4F48-86D9-7BDB6ED5DA15}.Release|Any CPU.Build.0 = Release|Any CPU
		{F19295E7-1362-40BC-A043-7947374946A7}.Debug|Any CPU.ActiveCfg = Debug|Any CPU
		{F19295E7-1362-40BC-A043-7947374946A7}.Debug|Any CPU.Build.0 = Debug|Any CPU
		{F19295E7-1362-40BC-A043-7947374946A7}.Release|Any CPU.ActiveCfg = Release|Any CPU
		{F19295E7-1362-40BC-A043-7947374946A7}.Release|Any CPU.Build.0 = Release|Any CPU
		{512DB54C-A3E0-408A-8EE1-BD8DE09253FC}.Debug|Any CPU.ActiveCfg = Debug|Any CPU
		{512DB54C-A3E0-408A-8EE1-BD8DE09253FC}.Debug|Any CPU.Build.0 = Debug|Any CPU
		{512DB54C-A3E0-408A-8EE1-BD8DE09253FC}.Release|Any CPU.ActiveCfg = Release|Any CPU
		{512DB54C-A3E0-408A-8EE1-BD8DE09253FC}.Release|Any CPU.Build.0 = Release|Any CPU
		{65C4A229-5CF4-44D5-B3CE-B2A553514697}.Debug|Any CPU.ActiveCfg = Debug|Any CPU
		{65C4A229-5CF4-44D5-B3CE-B2A553514697}.Debug|Any CPU.Build.0 = Debug|Any CPU
		{65C4A229-5CF4-44D5-B3CE-B2A553514697}.Release|Any CPU.ActiveCfg = Release|Any CPU
		{65C4A229-5CF4-44D5-B3CE-B2A553514697}.Release|Any CPU.Build.0 = Release|Any CPU
		{2B500AC9-B514-49A3-9752-C138833AF82C}.Debug|Any CPU.ActiveCfg = Debug|Any CPU
		{2B500AC9-B514-49A3-9752-C138833AF82C}.Debug|Any CPU.Build.0 = Debug|Any CPU
		{2B500AC9-B514-49A3-9752-C138833AF82C}.Release|Any CPU.ActiveCfg = Release|Any CPU
		{2B500AC9-B514-49A3-9752-C138833AF82C}.Release|Any CPU.Build.0 = Release|Any CPU
		{32EB235A-E9A6-4159-80CA-507F7D0C4F1C}.Debug|Any CPU.ActiveCfg = Debug|Any CPU
		{32EB235A-E9A6-4159-80CA-507F7D0C4F1C}.Debug|Any CPU.Build.0 = Debug|Any CPU
		{32EB235A-E9A6-4159-80CA-507F7D0C4F1C}.Release|Any CPU.ActiveCfg = Release|Any CPU
		{32EB235A-E9A6-4159-80CA-507F7D0C4F1C}.Release|Any CPU.Build.0 = Release|Any CPU
		{C5A31E4D-91B4-4EDE-8E7F-F813D89D0DCC}.Debug|Any CPU.ActiveCfg = Debug|Any CPU
		{C5A31E4D-91B4-4EDE-8E7F-F813D89D0DCC}.Debug|Any CPU.Build.0 = Debug|Any CPU
		{C5A31E4D-91B4-4EDE-8E7F-F813D89D0DCC}.Release|Any CPU.ActiveCfg = Release|Any CPU
		{C5A31E4D-91B4-4EDE-8E7F-F813D89D0DCC}.Release|Any CPU.Build.0 = Release|Any CPU
		{23ACD152-DC12-4441-8A07-BA00666BF637}.Debug|Any CPU.ActiveCfg = Debug|Any CPU
		{23ACD152-DC12-4441-8A07-BA00666BF637}.Debug|Any CPU.Build.0 = Debug|Any CPU
		{23ACD152-DC12-4441-8A07-BA00666BF637}.Release|Any CPU.ActiveCfg = Release|Any CPU
		{23ACD152-DC12-4441-8A07-BA00666BF637}.Release|Any CPU.Build.0 = Release|Any CPU
		{329EA397-1E51-413B-B4B4-8280795800F9}.Debug|Any CPU.ActiveCfg = Debug|Any CPU
		{329EA397-1E51-413B-B4B4-8280795800F9}.Debug|Any CPU.Build.0 = Debug|Any CPU
		{329EA397-1E51-413B-B4B4-8280795800F9}.Release|Any CPU.ActiveCfg = Release|Any CPU
		{329EA397-1E51-413B-B4B4-8280795800F9}.Release|Any CPU.Build.0 = Release|Any CPU
		{CCBA9156-1B5C-4FB3-B8F8-F85E4A68BF6A}.Debug|Any CPU.ActiveCfg = Debug|Any CPU
		{CCBA9156-1B5C-4FB3-B8F8-F85E4A68BF6A}.Debug|Any CPU.Build.0 = Debug|Any CPU
		{CCBA9156-1B5C-4FB3-B8F8-F85E4A68BF6A}.Release|Any CPU.ActiveCfg = Release|Any CPU
		{CCBA9156-1B5C-4FB3-B8F8-F85E4A68BF6A}.Release|Any CPU.Build.0 = Release|Any CPU
		{B2AA9453-06DC-4106-9BDE-330AE0F62663}.Debug|Any CPU.ActiveCfg = Debug|Any CPU
		{B2AA9453-06DC-4106-9BDE-330AE0F62663}.Debug|Any CPU.Build.0 = Debug|Any CPU
		{B2AA9453-06DC-4106-9BDE-330AE0F62663}.Release|Any CPU.ActiveCfg = Release|Any CPU
		{B2AA9453-06DC-4106-9BDE-330AE0F62663}.Release|Any CPU.Build.0 = Release|Any CPU
		{DD3195ED-03EE-45C9-BA80-7055A7E435B8}.Debug|Any CPU.ActiveCfg = Debug|Any CPU
		{DD3195ED-03EE-45C9-BA80-7055A7E435B8}.Debug|Any CPU.Build.0 = Debug|Any CPU
		{DD3195ED-03EE-45C9-BA80-7055A7E435B8}.Release|Any CPU.ActiveCfg = Release|Any CPU
		{DD3195ED-03EE-45C9-BA80-7055A7E435B8}.Release|Any CPU.Build.0 = Release|Any CPU
		{64106733-8230-4293-B1EF-3C07D7530324}.Debug|Any CPU.ActiveCfg = Debug|Any CPU
		{64106733-8230-4293-B1EF-3C07D7530324}.Debug|Any CPU.Build.0 = Debug|Any CPU
		{64106733-8230-4293-B1EF-3C07D7530324}.Release|Any CPU.ActiveCfg = Release|Any CPU
		{64106733-8230-4293-B1EF-3C07D7530324}.Release|Any CPU.Build.0 = Release|Any CPU
		{7EBBD40A-7171-4008-86CC-80487000FC36}.Debug|Any CPU.ActiveCfg = Debug|Any CPU
		{7EBBD40A-7171-4008-86CC-80487000FC36}.Debug|Any CPU.Build.0 = Debug|Any CPU
		{7EBBD40A-7171-4008-86CC-80487000FC36}.Release|Any CPU.ActiveCfg = Release|Any CPU
		{7EBBD40A-7171-4008-86CC-80487000FC36}.Release|Any CPU.Build.0 = Release|Any CPU
		{D228C80E-2CC3-40E2-8203-4C49EE72E908}.Debug|Any CPU.ActiveCfg = Debug|Any CPU
		{D228C80E-2CC3-40E2-8203-4C49EE72E908}.Debug|Any CPU.Build.0 = Debug|Any CPU
		{D228C80E-2CC3-40E2-8203-4C49EE72E908}.Release|Any CPU.ActiveCfg = Release|Any CPU
		{D228C80E-2CC3-40E2-8203-4C49EE72E908}.Release|Any CPU.Build.0 = Release|Any CPU
		{A5C2CFFD-2775-46BD-BD62-D0D0FEBD0D18}.Debug|Any CPU.ActiveCfg = Debug|Any CPU
		{A5C2CFFD-2775-46BD-BD62-D0D0FEBD0D18}.Debug|Any CPU.Build.0 = Debug|Any CPU
		{A5C2CFFD-2775-46BD-BD62-D0D0FEBD0D18}.Release|Any CPU.ActiveCfg = Release|Any CPU
		{A5C2CFFD-2775-46BD-BD62-D0D0FEBD0D18}.Release|Any CPU.Build.0 = Release|Any CPU
		{7A01E54F-54CC-4461-8BD0-33E6F02BAEFC}.Debug|Any CPU.ActiveCfg = Debug|Any CPU
		{7A01E54F-54CC-4461-8BD0-33E6F02BAEFC}.Debug|Any CPU.Build.0 = Debug|Any CPU
		{7A01E54F-54CC-4461-8BD0-33E6F02BAEFC}.Release|Any CPU.ActiveCfg = Release|Any CPU
		{7A01E54F-54CC-4461-8BD0-33E6F02BAEFC}.Release|Any CPU.Build.0 = Release|Any CPU
		{3C80C19F-3AD6-443B-BC74-26A64ADDE065}.Debug|Any CPU.ActiveCfg = Debug|Any CPU
		{3C80C19F-3AD6-443B-BC74-26A64ADDE065}.Debug|Any CPU.Build.0 = Debug|Any CPU
		{3C80C19F-3AD6-443B-BC74-26A64ADDE065}.Release|Any CPU.ActiveCfg = Release|Any CPU
		{3C80C19F-3AD6-443B-BC74-26A64ADDE065}.Release|Any CPU.Build.0 = Release|Any CPU
		{F78DF802-DEDD-43BD-9485-CE52910DBA1B}.Debug|Any CPU.ActiveCfg = Debug|Any CPU
		{F78DF802-DEDD-43BD-9485-CE52910DBA1B}.Debug|Any CPU.Build.0 = Debug|Any CPU
		{F78DF802-DEDD-43BD-9485-CE52910DBA1B}.Release|Any CPU.ActiveCfg = Release|Any CPU
		{F78DF802-DEDD-43BD-9485-CE52910DBA1B}.Release|Any CPU.Build.0 = Release|Any CPU
		{55293942-8F33-4D1F-B351-6683EB2D0F69}.Debug|Any CPU.ActiveCfg = Debug|Any CPU
		{55293942-8F33-4D1F-B351-6683EB2D0F69}.Debug|Any CPU.Build.0 = Debug|Any CPU
		{55293942-8F33-4D1F-B351-6683EB2D0F69}.Release|Any CPU.ActiveCfg = Release|Any CPU
		{55293942-8F33-4D1F-B351-6683EB2D0F69}.Release|Any CPU.Build.0 = Release|Any CPU
		{E2353F26-ECF3-4717-A000-71DC6B07116D}.Debug|Any CPU.ActiveCfg = Debug|Any CPU
		{E2353F26-ECF3-4717-A000-71DC6B07116D}.Debug|Any CPU.Build.0 = Debug|Any CPU
		{E2353F26-ECF3-4717-A000-71DC6B07116D}.Release|Any CPU.ActiveCfg = Release|Any CPU
		{E2353F26-ECF3-4717-A000-71DC6B07116D}.Release|Any CPU.Build.0 = Release|Any CPU
		{0FFB2485-57EB-4908-B6F3-117EB7A8A098}.Debug|Any CPU.ActiveCfg = Debug|Any CPU
		{0FFB2485-57EB-4908-B6F3-117EB7A8A098}.Debug|Any CPU.Build.0 = Debug|Any CPU
		{0FFB2485-57EB-4908-B6F3-117EB7A8A098}.Release|Any CPU.ActiveCfg = Release|Any CPU
		{0FFB2485-57EB-4908-B6F3-117EB7A8A098}.Release|Any CPU.Build.0 = Release|Any CPU
	EndGlobalSection
	GlobalSection(SolutionProperties) = preSolution
		HideSolutionNode = FALSE
	EndGlobalSection
	GlobalSection(NestedProjects) = preSolution
		{80973F72-7A20-481E-A0AC-F68E442DD71E} = {19E44766-5A45-4085-A4A3-D2AE0B64B5D0}
		{DFDAE470-FF5F-4C14-8813-62F54FB31D09} = {8652D073-4745-40AC-8033-5325E29D518D}
		{2CF9B1BB-18A7-4B04-A224-DDD51D0B0192} = {9938A804-F057-4EEB-BF62-BFC2AA502169}
		{896097F8-C73E-4F48-86D9-7BDB6ED5DA15} = {82CC27A0-F031-496A-A9B0-A74DF6CFB778}
		{F19295E7-1362-40BC-A043-7947374946A7} = {E0A9800B-85AE-404F-BCFD-9599F3A97752}
		{512DB54C-A3E0-408A-8EE1-BD8DE09253FC} = {96804B29-902D-41CB-9363-87E5BC0E1670}
		{65C4A229-5CF4-44D5-B3CE-B2A553514697} = {A39837C7-54F6-4C46-8C06-2F438E82B05D}
		{2B500AC9-B514-49A3-9752-C138833AF82C} = {5A1F885C-F268-4DD3-9446-507217EB9B12}
		{32EB235A-E9A6-4159-80CA-507F7D0C4F1C} = {8E915733-F7CE-4BE5-8A83-FF39606BCD53}
		{C5A31E4D-91B4-4EDE-8E7F-F813D89D0DCC} = {B8475999-41F3-4A93-81F0-5D0C57232E6D}
		{23ACD152-DC12-4441-8A07-BA00666BF637} = {C350B2CF-76AB-4B7A-868A-D7FCB5B6DAE9}
		{329EA397-1E51-413B-B4B4-8280795800F9} = {0F4A2C02-78D0-43FB-BCA1-5409D78C202E}
		{CCBA9156-1B5C-4FB3-B8F8-F85E4A68BF6A} = {92EC864E-F3BA-4B20-90CC-A7C7FF3E611D}
		{B2AA9453-06DC-4106-9BDE-330AE0F62663} = {79AB45AC-1FEF-4873-821B-61FA43BE7C59}
		{DD3195ED-03EE-45C9-BA80-7055A7E435B8} = {C0C5ADC2-D2EA-4B3C-99D3-144124320011}
		{64106733-8230-4293-B1EF-3C07D7530324} = {A7A5A486-9CA2-4742-914B-A5CC767EE33A}
		{7EBBD40A-7171-4008-86CC-80487000FC36} = {35C4DCB5-6B36-4148-92C7-398A353CB9B1}
		{D228C80E-2CC3-40E2-8203-4C49EE72E908} = {5A5FDB4C-82A1-48E6-AE82-15D5B8088720}
		{A5C2CFFD-2775-46BD-BD62-D0D0FEBD0D18} = {48213146-6708-4FFD-9963-94F0A15CBC05}
		{7A01E54F-54CC-4461-8BD0-33E6F02BAEFC} = {488AD5F1-84F0-4C5D-BF3E-99D4A842D2C8}
		{3C80C19F-3AD6-443B-BC74-26A64ADDE065} = {D5A8EA4F-7169-4D33-BBB5-32C129D5DF1B}
		{F78DF802-DEDD-43BD-9485-CE52910DBA1B} = {EBAB022D-975A-4AD1-AC37-0F2CA734BDBB}
		{55293942-8F33-4D1F-B351-6683EB2D0F69} = {174B5D81-CC4F-43E4-9D9F-D3719682E36A}
		{E2353F26-ECF3-4717-A000-71DC6B07116D} = {EA65B7FF-A45E-4030-B7BF-727F0245BC65}
		{0FFB2485-57EB-4908-B6F3-117EB7A8A098} = {431CF845-7AE3-429A-B81D-59C109103C6D}
	EndGlobalSection
	GlobalSection(ExtensibilityGlobals) = postSolution
		SolutionGuid = {DDE97135-720C-401C-A051-1C1FFD4F7EE4}
	EndGlobalSection
EndGlobal
